
Microsoft Visual Studio Solution File, Format Version 12.00
# Visual Studio Version 16
VisualStudioVersion = 16.0.30907.101
MinimumVisualStudioVersion = 10.0.40219.1
Project("{FAE04EC0-301F-11D3-BF4B-00C04F79EFBC}") = "knapsack", "knapsack\knapsack.csproj", "{3DC2680B-2831-45C6-9D17-E3C6327E7AC1}"
EndProject
Global
	GlobalSection(SolutionConfigurationPlatforms) = preSolution
		Debug|Any CPU = Debug|Any CPU
		Release|Any CPU = Release|Any CPU
	EndGlobalSection
	GlobalSection(ProjectConfigurationPlatforms) = postSolution
		{3DC2680B-2831-45C6-9D17-E3C6327E7AC1}.Debug|Any CPU.ActiveCfg = Debug|Any CPU
		{3DC2680B-2831-45C6-9D17-E3C6327E7AC1}.Debug|Any CPU.Build.0 = Debug|Any CPU
		{3DC2680B-2831-45C6-9D17-E3C6327E7AC1}.Release|Any CPU.ActiveCfg = Release|Any CPU
		{3DC2680B-2831-45C6-9D17-E3C6327E7AC1}.Release|Any CPU.Build.0 = Release|Any CPU
	EndGlobalSection
	GlobalSection(SolutionProperties) = preSolution
		HideSolutionNode = FALSE
	EndGlobalSection
	GlobalSection(ExtensibilityGlobals) = postSolution
		SolutionGuid = {4250C95B-2B08-45F9-9B8A-5F14F8BCF0A5}
	EndGlobalSection
EndGlobal
